{
  "name": "drizzle-box",
  "version": "1.0.0",
  "lockfileVersion": 1,
  "requires": true,
  "dependencies": {
    "@remix-run/router": {
      "version": "1.19.2",
      "resolved": "https://registry.npmjs.org/@remix-run/router/-/router-1.19.2.tgz",
      "integrity": "sha512-baiMx18+IMuD1yyvOGaHM9QrVUPGGG0jC+z+IPHnRJWUAUvaKuWKyE8gjDj2rzv3sz9zOGoRSPgeBVHRhZnBlA=="
    },
    "ansi-regex": {
      "version": "4.1.0",
      "resolved": "https://registry.npmjs.org/ansi-regex/-/ansi-regex-4.1.0.tgz",
      "integrity": "sha512-1apePfXM1UOSqw0o9IiFAovVz9M5S1Dg+4TrDwfMewQ6p/rmMueb7tWZjQ1rx4Loy1ArBggoqGpfqqdI4rondg==",
      "dev": true
    },
    "any-promise": {
      "version": "1.3.0",
      "resolved": "https://registry.npmjs.org/any-promise/-/any-promise-1.3.0.tgz",
      "integrity": "sha1-q8av7tzqUugJzcA3au0845Y10X8="
    },
    "bindings": {
      "version": "1.5.0",
      "resolved": "https://registry.npmjs.org/bindings/-/bindings-1.5.0.tgz",
      "integrity": "sha512-p2q/t/mhvuOj/UeLlV6566GD/guowlr0hHxClI0W9m7MWYkL1F0hLo+0Aexs9HSPCtR1SXQ0TD3MMKrXZajbiQ==",
      "requires": {
        "file-uri-to-path": "1.0.0"
      }
    },
    "debug": {
      "version": "2.6.9",
      "resolved": "https://registry.npmjs.org/debug/-/debug-2.6.9.tgz",
      "integrity": "sha512-bC7ElrdJaJnPbAP+1EotYvqZsb3ecl5wi6Bfi6BJTUcNowp6cvspg0jXznRTKDjm/E7AdgFBVeAPVMNcKGsHMA==",
      "requires": {
        "ms": "2.0.0"
      }
    },
    "dir-to-object": {
      "version": "2.0.0",
      "resolved": "https://registry.npmjs.org/dir-to-object/-/dir-to-object-2.0.0.tgz",
      "integrity": "sha512-sXs0JKIhymON7T1UZuO2Ud6VTNAx/VTBXIl4+3mjb2RgfOpt+hectX0x04YqPOPdkeOAKoJuKqwqnXXURNPNEA==",
      "dev": true
    },
    "dotenv": {
      "version": "8.0.0",
      "resolved": "https://registry.npmjs.org/dotenv/-/dotenv-8.0.0.tgz",
      "integrity": "sha512-30xVGqjLjiUOArT4+M5q9sYdvuR4riM6yK9wMcas9Vbp6zZa+ocC9dp6QoftuhTPhFAiLK/0C5Ni2nou/Bk8lg=="
    },
    "emoji-regex": {
      "version": "7.0.3",
      "resolved": "https://registry.npmjs.org/emoji-regex/-/emoji-regex-7.0.3.tgz",
      "integrity": "sha512-CwBLREIQ7LvYFB0WyRvwhq5N5qPhc6PMjD6bYggFlI5YyDgl+0vxq5VHbMOFqLg7hfWzmu8T5Z1QofhmTIhItA==",
      "dev": true
    },
    "escape-string-regexp": {
      "version": "1.0.5",
      "resolved": "https://registry.npmjs.org/escape-string-regexp/-/escape-string-regexp-1.0.5.tgz",
      "integrity": "sha1-G2HAViGQqN/2rjuyzwIAyhMLhtQ=",
      "dev": true
    },
    "esprima": {
      "version": "4.0.1",
      "resolved": "https://registry.npmjs.org/esprima/-/esprima-4.0.1.tgz",
      "integrity": "sha512-eGuFFw7Upda+g4p+QHvnW0RyTX/SVeJBDM/gCtMARO0cLuT2HcEKnTPvhjV6aGeqrCB/sbNop0Kszm0jsaWU4A==",
      "dev": true
    },
    "esprima-extract-comments": {
      "version": "1.1.0",
      "resolved": "https://registry.npmjs.org/esprima-extract-comments/-/esprima-extract-comments-1.1.0.tgz",
      "integrity": "sha512-sBQUnvJwpeE9QnPrxh7dpI/dp67erYG4WXEAreAMoelPRpMR7NWb4YtwRPn9b+H1uLQKl/qS8WYmyaljTpjIsw==",
      "dev": true,
      "requires": {
        "esprima": "^4.0.0"
      }
    },
    "extract-comments": {
      "version": "1.1.0",
      "resolved": "https://registry.npmjs.org/extract-comments/-/extract-comments-1.1.0.tgz",
      "integrity": "sha512-dzbZV2AdSSVW/4E7Ti5hZdHWbA+Z80RJsJhr5uiL10oyjl/gy7/o+HI1HwK4/WSZhlq4SNKU3oUzXlM13Qx02Q==",
      "dev": true,
      "requires": {
        "esprima-extract-comments": "^1.1.0",
        "parse-code-context": "^1.0.0"
      }
    },
    "file-uri-to-path": {
      "version": "1.0.0",
      "resolved": "https://registry.npmjs.org/file-uri-to-path/-/file-uri-to-path-1.0.0.tgz",
      "integrity": "sha512-0Zt+s3L7Vf1biwWZ29aARiVYLx7iMGnEUl9x33fbB/j3jR81u/O2LbqK+Bm1CDSNDKVtJ/YjwY7TUd5SkeLQLw=="
    },
    "is-fullwidth-code-point": {
      "version": "2.0.0",
      "resolved": "https://registry.npmjs.org/is-fullwidth-code-point/-/is-fullwidth-code-point-2.0.0.tgz",
      "integrity": "sha1-o7MKXE8ZkYMWeqq5O+764937ZU8=",
      "dev": true
    },
    "is-typedarray": {
      "version": "1.0.0",
      "resolved": "https://registry.npmjs.org/is-typedarray/-/is-typedarray-1.0.0.tgz",
      "integrity": "sha1-5HnICFjfDBsR3dppQPlgEfzaSpo="
    },
    "js-tokens": {
      "version": "4.0.0",
      "resolved": "https://registry.npmjs.org/js-tokens/-/js-tokens-4.0.0.tgz",
      "integrity": "sha512-RdJUflcE3cUzKiMqQgsCu06FPu9UdIJO0beYbPhHN4k6apgJtifcoCtT9bcxOpYBtpD2kCM6Sbzg4CausW/PKQ=="
    },
    "loose-envify": {
      "version": "1.4.0",
      "resolved": "https://registry.npmjs.org/loose-envify/-/loose-envify-1.4.0.tgz",
      "integrity": "sha512-lyuxPGr/Wfhrlem2CL/UcnUc1zcqKAImBDzukY7Y5F/yQiNdko6+fRLevlw1HgMySw7f611UIY408EtxRSoK3Q==",
      "requires": {
        "js-tokens": "^3.0.0 || ^4.0.0"
      }
    },
    "ms": {
      "version": "2.0.0",
      "resolved": "https://registry.npmjs.org/ms/-/ms-2.0.0.tgz",
      "integrity": "sha1-VgiurfwAvmwpAd9fmGF4jeDVl8g="
    },
    "nan": {
      "version": "2.14.0",
      "resolved": "https://registry.npmjs.org/nan/-/nan-2.14.0.tgz",
      "integrity": "sha512-INOFj37C7k3AfaNTtX8RhsTw7qRy7eLET14cROi9+5HAVbbHuIWUHEauBv5qT4Av2tWasiTY1Jw6puUNqRJXQg=="
    },
    "object-assign": {
      "version": "4.1.1",
      "resolved": "https://registry.npmjs.org/object-assign/-/object-assign-4.1.1.tgz",
      "integrity": "sha1-IQmtx5ZYh8/AXLvUQsrIv7s2CGM="
    },
    "openzeppelin-solidity": {
      "version": "2.1.1",
      "resolved": "https://registry.npmjs.org/openzeppelin-solidity/-/openzeppelin-solidity-2.1.1.tgz",
      "integrity": "sha512-kvVI/2n3oYfVYP53rUw+q6QNPlorwYRFaGu/Zs+TWFw2tKlnrz7UXh0UTWYd3Sfbq6eOo4XXnGv4bgcKguOrWg=="
    },
    "parse-code-context": {
      "version": "1.0.0",
      "resolved": "https://registry.npmjs.org/parse-code-context/-/parse-code-context-1.0.0.tgz",
      "integrity": "sha512-OZQaqKaQnR21iqhlnPfVisFjBWjhnMl5J9MgbP8xC+EwoVqbXrq78lp+9Zb3ahmLzrIX5Us/qbvBnaS3hkH6OA==",
      "dev": true
    },
    "prettier": {
      "version": "1.18.2",
      "resolved": "https://registry.npmjs.org/prettier/-/prettier-1.18.2.tgz",
      "integrity": "sha512-OeHeMc0JhFE9idD4ZdtNibzY0+TPHSpSSb9h8FqtP+YnoZZ1sl8Vc9b1sasjfymH3SonAF4QcA2+mzHPhMvIiw==",
      "dev": true
    },
    "prettier-plugin-solidity": {
      "version": "1.0.0-alpha.25",
      "resolved": "https://registry.npmjs.org/prettier-plugin-solidity/-/prettier-plugin-solidity-1.0.0-alpha.25.tgz",
      "integrity": "sha512-NsjhpK/td17apZz8Jnp5FDzIvXyrTGqKIg7PNrpLcKMi+XBDoMV/sFrWiN1VLI4oqjHnDJo/e4VhALiUCBHfBQ==",
      "dev": true,
      "requires": {
        "dir-to-object": "^2.0.0",
        "emoji-regex": "^7.0.3",
        "escape-string-regexp": "^1.0.5",
        "extract-comments": "^1.1.0",
        "prettier": "^1.15.3",
        "semver": "^5.6.0",
        "solidity-parser-antlr": "^0.4.4",
        "string-width": "^3.0.0"
      }
    },
    "prop-types": {
      "version": "15.7.2",
      "resolved": "https://registry.npmjs.org/prop-types/-/prop-types-15.7.2.tgz",
      "integrity": "sha512-8QQikdH7//R2vurIJSutZ1smHYTcLpRWEOlHnzcWHmBYrOGUysKwSsrC89BCiFj3CbrfJ/nXFdJepOVrY1GCHQ==",
      "requires": {
        "loose-envify": "^1.4.0",
        "object-assign": "^4.1.1",
        "react-is": "^16.8.1"
      }
    },
    "react": {
      "version": "16.8.6",
      "resolved": "https://registry.npmjs.org/react/-/react-16.8.6.tgz",
      "integrity": "sha512-pC0uMkhLaHm11ZSJULfOBqV4tIZkx87ZLvbbQYunNixAAvjnC+snJCg0XQXn9VIsttVsbZP/H/ewzgsd5fxKXw==",
      "requires": {
        "loose-envify": "^1.1.0",
        "object-assign": "^4.1.1",
        "prop-types": "^15.6.2",
        "scheduler": "^0.13.6"
      }
    },
    "react-is": {
      "version": "16.8.6",
      "resolved": "https://registry.npmjs.org/react-is/-/react-is-16.8.6.tgz",
      "integrity": "sha512-aUk3bHfZ2bRSVFFbbeVS4i+lNPZr3/WM5jT2J5omUVV1zzcs1nAaf3l51ctA5FFvCRbhrH0bdAsRRQddFJZPtA=="
    },
    "react-router": {
      "version": "6.26.2",
      "resolved": "https://registry.npmjs.org/react-router/-/react-router-6.26.2.tgz",
      "integrity": "sha512-tvN1iuT03kHgOFnLPfLJ8V95eijteveqdOSk+srqfePtQvqCExB8eHOYnlilbOcyJyKnYkr1vJvf7YqotAJu1A==",
      "requires": {
        "@remix-run/router": "1.19.2"
      }
    },
    "react-router-dom": {
      "version": "6.26.2",
      "resolved": "https://registry.npmjs.org/react-router-dom/-/react-router-dom-6.26.2.tgz",
      "integrity": "sha512-z7YkaEW0Dy35T3/QKPYB1LjMK2R1fxnHO8kWpUMTBdfVzZrWOiY9a7CtN8HqdWtDUWd5FY6Dl8HFsqVwH4uOtQ==",
      "requires": {
        "@remix-run/router": "1.19.2",
        "react-router": "6.26.2"
      }
    },
    "scheduler": {
      "version": "0.13.6",
      "resolved": "https://registry.npmjs.org/scheduler/-/scheduler-0.13.6.tgz",
      "integrity": "sha512-IWnObHt413ucAYKsD9J1QShUKkbKLQQHdxRyw73sw4FN26iWr3DY/H34xGPe4nmL1DwXyWmSWmMrA9TfQbE/XQ==",
      "requires": {
        "loose-envify": "^1.1.0",
        "object-assign": "^4.1.1"
      }
    },
    "semver": {
      "version": "5.7.0",
      "resolved": "https://registry.npmjs.org/semver/-/semver-5.7.0.tgz",
      "integrity": "sha512-Ya52jSX2u7QKghxeoFGpLwCtGlt7j0oY9DYb5apt9nPlJ42ID+ulTXESnt/qAQcoSERyZ5sl3LDIOw0nAn/5DA==",
      "dev": true
    },
    "solidity-parser-antlr": {
      "version": "0.4.5",
      "resolved": "https://registry.npmjs.org/solidity-parser-antlr/-/solidity-parser-antlr-0.4.5.tgz",
      "integrity": "sha512-5GzhIs4hpY3XnGwMndgrOksD567O5WdUQPbpy2n2WA1m3algzUKYMf+Ne/QHd36TTUNvVV+iTWD5tKaCZfaOjg==",
      "dev": true
    },
    "string-width": {
      "version": "3.1.0",
      "resolved": "https://registry.npmjs.org/string-width/-/string-width-3.1.0.tgz",
      "integrity": "sha512-vafcv6KjVZKSgz06oM/H6GDBrAtz8vdhQakGjFIvNrHA6y3HCF1CInLy+QLq8dTJPQ1b+KDUqDFctkdRW44e1w==",
      "dev": true,
      "requires": {
        "emoji-regex": "^7.0.1",
        "is-fullwidth-code-point": "^2.0.0",
        "strip-ansi": "^5.1.0"
      }
    },
    "strip-ansi": {
      "version": "5.2.0",
      "resolved": "https://registry.npmjs.org/strip-ansi/-/strip-ansi-5.2.0.tgz",
      "integrity": "sha512-DuRs1gKbBqsMKIZlrffwlug8MHkcnpjs5VPmL1PAh+mA30U0DTotfDZ0d2UUsXpPmPmMMJ6W773MaA3J+lbiWA==",
      "dev": true,
      "requires": {
        "ansi-regex": "^4.1.0"
      }
    },
    "truffle-hdwallet-provider": {
      "version": "1.0.5",
      "resolved": "https://registry.npmjs.org/truffle-hdwallet-provider/-/truffle-hdwallet-provider-1.0.5.tgz",
      "integrity": "sha512-T9qNm7b6MD0UPWVmmJEhgzW1DdR6mkMDijGBSbdJqYaaBLufoycE+qH3dsV+m1mLTE+ebM5RcJ4gF4oXgDW67w==",
      "requires": {
        "any-promise": "^1.3.0",
        "bindings": "^1.3.1",
        "websocket": "^1.0.28"
      }
    },
    "typedarray-to-buffer": {
      "version": "3.1.5",
      "resolved": "https://registry.npmjs.org/typedarray-to-buffer/-/typedarray-to-buffer-3.1.5.tgz",
      "integrity": "sha512-zdu8XMNEDepKKR+XYOXAVPtWui0ly0NtohUscw+UmaHiAWT8hrV1rr//H6V+0DvJ3OQ19S979M0laLfX8rm82Q==",
      "requires": {
        "is-typedarray": "^1.0.0"
      }
    },
    "websocket": {
      "version": "1.0.28",
      "resolved": "https://registry.npmjs.org/websocket/-/websocket-1.0.28.tgz",
      "integrity": "sha512-00y/20/80P7H4bCYkzuuvvfDvh+dgtXi5kzDf3UcZwN6boTYaKvsrtZ5lIYm1Gsg48siMErd9M4zjSYfYFHTrA==",
      "requires": {
        "debug": "^2.2.0",
        "nan": "^2.11.0",
        "typedarray-to-buffer": "^3.1.5",
        "yaeti": "^0.0.6"
      }
    },
    "yaeti": {
      "version": "0.0.6",
      "resolved": "https://registry.npmjs.org/yaeti/-/yaeti-0.0.6.tgz",
      "integrity": "sha1-8m9ITXJoTPQr7ft2lwqhYI+/lXc="
    }
  }
}
